
Microsoft Visual Studio Solution File, Format Version 12.00
# Visual Studio 15
VisualStudioVersion = 15.0.28307.168
MinimumVisualStudioVersion = 10.0.40219.1
Project("{FAE04EC0-301F-11D3-BF4B-00C04F79EFBC}") = "Memo", "Memo\Memo.csproj", "{B845360A-50E7-4B62-A63E-215D0A44D196}"
EndProject
Global
	GlobalSection(SolutionConfigurationPlatforms) = preSolution
		Debug|Any CPU = Debug|Any CPU
		Release|Any CPU = Release|Any CPU
	EndGlobalSection
	GlobalSection(ProjectConfigurationPlatforms) = postSolution
		{B845360A-50E7-4B62-A63E-215D0A44D196}.Debug|Any CPU.ActiveCfg = Debug|Any CPU
		{B845360A-50E7-4B62-A63E-215D0A44D196}.Debug|Any CPU.Build.0 = Debug|Any CPU
		{B845360A-50E7-4B62-A63E-215D0A44D196}.Release|Any CPU.ActiveCfg = Release|Any CPU
		{B845360A-50E7-4B62-A63E-215D0A44D196}.Release|Any CPU.Build.0 = Release|Any CPU
	EndGlobalSection
	GlobalSection(SolutionProperties) = preSolution
		HideSolutionNode = FALSE
	EndGlobalSection
	GlobalSection(ExtensibilityGlobals) = postSolution
		SolutionGuid = {C6090BFA-4852-4D53-8370-F245F07ABAB1}
	EndGlobalSection
EndGlobal
